
Microsoft Visual Studio Solution File, Format Version 12.00
Project("{2150E333-8FDC-42A3-9474-1A3956D46DE8}") = "Fundamentals", "Fundamentals", "{7360DB6B-1D90-449F-89BE-59D7AB7BA3A1}"
EndProject
Project("{FAE04EC0-301F-11D3-BF4B-00C04F79EFBC}") = "Fundamentals.TodoList", "Fundamentals.TodoList\Fundamentals.TodoList.csproj", "{7A60940E-DC26-4681-BEFE-36903A88986F}"
EndProject
Project("{FAE04EC0-301F-11D3-BF4B-00C04F79EFBC}") = "Fundamentals.SimpleCalculator", "Fundamentals.SimpleCalculator\Fundamentals.SimpleCalculator.csproj", "{E0B2E9D4-E9D3-401F-A81C-FA1F39DD935B}"
EndProject
Project("{FAE04EC0-301F-11D3-BF4B-00C04F79EFBC}") = "Fundamentals.TodoList2", "Fundamentals.TodoList2\Fundamentals.TodoList2.csproj", "{B4C84510-7249-4F47-8823-2CA76ABB88F8}"
EndProject
Project("{FAE04EC0-301F-11D3-BF4B-00C04F79EFBC}") = "BasicOOP.DiceRollGame", "BasicOOP.DiceRollGame\BasicOOP.DiceRollGame.csproj", "{094D433C-893A-4EC3-A5B9-88F66A31DCBC}"
EndProject
Global
	GlobalSection(SolutionConfigurationPlatforms) = preSolution
		Debug|Any CPU = Debug|Any CPU
		Release|Any CPU = Release|Any CPU
	EndGlobalSection
	GlobalSection(NestedProjects) = preSolution
		{7A60940E-DC26-4681-BEFE-36903A88986F} = {7360DB6B-1D90-449F-89BE-59D7AB7BA3A1}
		{E0B2E9D4-E9D3-401F-A81C-FA1F39DD935B} = {7360DB6B-1D90-449F-89BE-59D7AB7BA3A1}
		{B4C84510-7249-4F47-8823-2CA76ABB88F8} = {7360DB6B-1D90-449F-89BE-59D7AB7BA3A1}
		{094D433C-893A-4EC3-A5B9-88F66A31DCBC} = {7360DB6B-1D90-449F-89BE-59D7AB7BA3A1}
	EndGlobalSection
	GlobalSection(ProjectConfigurationPlatforms) = postSolution
		{7A60940E-DC26-4681-BEFE-36903A88986F}.Debug|Any CPU.ActiveCfg = Debug|Any CPU
		{7A60940E-DC26-4681-BEFE-36903A88986F}.Debug|Any CPU.Build.0 = Debug|Any CPU
		{7A60940E-DC26-4681-BEFE-36903A88986F}.Release|Any CPU.ActiveCfg = Release|Any CPU
		{7A60940E-DC26-4681-BEFE-36903A88986F}.Release|Any CPU.Build.0 = Release|Any CPU
		{E0B2E9D4-E9D3-401F-A81C-FA1F39DD935B}.Debug|Any CPU.ActiveCfg = Debug|Any CPU
		{E0B2E9D4-E9D3-401F-A81C-FA1F39DD935B}.Debug|Any CPU.Build.0 = Debug|Any CPU
		{E0B2E9D4-E9D3-401F-A81C-FA1F39DD935B}.Release|Any CPU.ActiveCfg = Release|Any CPU
		{E0B2E9D4-E9D3-401F-A81C-FA1F39DD935B}.Release|Any CPU.Build.0 = Release|Any CPU
		{B4C84510-7249-4F47-8823-2CA76ABB88F8}.Debug|Any CPU.ActiveCfg = Debug|Any CPU
		{B4C84510-7249-4F47-8823-2CA76ABB88F8}.Debug|Any CPU.Build.0 = Debug|Any CPU
		{B4C84510-7249-4F47-8823-2CA76ABB88F8}.Release|Any CPU.ActiveCfg = Release|Any CPU
		{B4C84510-7249-4F47-8823-2CA76ABB88F8}.Release|Any CPU.Build.0 = Release|Any CPU
		{094D433C-893A-4EC3-A5B9-88F66A31DCBC}.Debug|Any CPU.ActiveCfg = Debug|Any CPU
		{094D433C-893A-4EC3-A5B9-88F66A31DCBC}.Debug|Any CPU.Build.0 = Debug|Any CPU
		{094D433C-893A-4EC3-A5B9-88F66A31DCBC}.Release|Any CPU.ActiveCfg = Release|Any CPU
		{094D433C-893A-4EC3-A5B9-88F66A31DCBC}.Release|Any CPU.Build.0 = Release|Any CPU
	EndGlobalSection
EndGlobal
